
Microsoft Visual Studio Solution File, Format Version 12.00
Project("{FAE04EC0-301F-11D3-BF4B-00C04F79EFBC}") = "Restaurant.API", "Restaurant.API\Restaurant.API.csproj", "{4388B916-0091-4C20-A7A7-A8016F9643D7}"
EndProject
Project("{FAE04EC0-301F-11D3-BF4B-00C04F79EFBC}") = "Restaurant.Core", "Restaurant.Core\Restaurant.Core.csproj", "{C9118F00-8B62-4D04-9FE8-E462B817D56F}"
EndProject
Global
	GlobalSection(SolutionConfigurationPlatforms) = preSolution
		Debug|Any CPU = Debug|Any CPU
		Release|Any CPU = Release|Any CPU
	EndGlobalSection
	GlobalSection(ProjectConfigurationPlatforms) = postSolution
		{4388B916-0091-4C20-A7A7-A8016F9643D7}.Debug|Any CPU.ActiveCfg = Debug|Any CPU
		{4388B916-0091-4C20-A7A7-A8016F9643D7}.Debug|Any CPU.Build.0 = Debug|Any CPU
		{4388B916-0091-4C20-A7A7-A8016F9643D7}.Release|Any CPU.ActiveCfg = Release|Any CPU
		{4388B916-0091-4C20-A7A7-A8016F9643D7}.Release|Any CPU.Build.0 = Release|Any CPU
		{C9118F00-8B62-4D04-9FE8-E462B817D56F}.Debug|Any CPU.ActiveCfg = Debug|Any CPU
		{C9118F00-8B62-4D04-9FE8-E462B817D56F}.Debug|Any CPU.Build.0 = Debug|Any CPU
		{C9118F00-8B62-4D04-9FE8-E462B817D56F}.Release|Any CPU.ActiveCfg = Release|Any CPU
		{C9118F00-8B62-4D04-9FE8-E462B817D56F}.Release|Any CPU.Build.0 = Release|Any CPU
	EndGlobalSection
EndGlobal
