
Microsoft Visual Studio Solution File, Format Version 12.00
# Visual Studio Version 17
VisualStudioVersion = 17.9.34701.34
MinimumVisualStudioVersion = 10.0.40219.1
Project("{9A19103F-16F7-4668-BE54-9A1E7A4F7556}") = "Restaurant.API", "Restaurant.API\Restaurant.API.csproj", "{4388B916-0091-4C20-A7A7-A8016F9643D7}"
EndProject
Project("{9A19103F-16F7-4668-BE54-9A1E7A4F7556}") = "Restaurant.Core", "Restaurant.Core\Restaurant.Core.csproj", "{C9118F00-8B62-4D04-9FE8-E462B817D56F}"
EndProject
Project("{9A19103F-16F7-4668-BE54-9A1E7A4F7556}") = "Restaurant.Persistense", "Restaurant.Persistense\Restaurant.Persistense.csproj", "{A46182D4-AF2C-4C81-BDCC-C7658EA817EB}"
EndProject
Project("{9A19103F-16F7-4668-BE54-9A1E7A4F7556}") = "Restaurant.Application", "Restaurant.Application\Restaurant.Application.csproj", "{C803AE45-97AC-4C22-BE83-373B3C7830A5}"
EndProject
Project("{9A19103F-16F7-4668-BE54-9A1E7A4F7556}") = "Restaurant.Infrastructure", "Restaurant.Infrastructure\Restaurant.Infrastructure.csproj", "{57508970-C281-4BFC-8FC1-FF4328B8E979}"
EndProject
Project("{FAE04EC0-301F-11D3-BF4B-00C04F79EFBC}") = "Restaurant.PersistenseTests", "Restaurant.PersistenseTests\Restaurant.PersistenseTests.csproj", "{267780CD-B835-4E2E-89E0-6ECBFB23174F}"
EndProject
Global
	GlobalSection(SolutionConfigurationPlatforms) = preSolution
		Debug|Any CPU = Debug|Any CPU
		Release|Any CPU = Release|Any CPU
	EndGlobalSection
	GlobalSection(ProjectConfigurationPlatforms) = postSolution
		{4388B916-0091-4C20-A7A7-A8016F9643D7}.Debug|Any CPU.ActiveCfg = Debug|Any CPU
		{4388B916-0091-4C20-A7A7-A8016F9643D7}.Debug|Any CPU.Build.0 = Debug|Any CPU
		{4388B916-0091-4C20-A7A7-A8016F9643D7}.Release|Any CPU.ActiveCfg = Release|Any CPU
		{4388B916-0091-4C20-A7A7-A8016F9643D7}.Release|Any CPU.Build.0 = Release|Any CPU
		{C9118F00-8B62-4D04-9FE8-E462B817D56F}.Debug|Any CPU.ActiveCfg = Debug|Any CPU
		{C9118F00-8B62-4D04-9FE8-E462B817D56F}.Debug|Any CPU.Build.0 = Debug|Any CPU
		{C9118F00-8B62-4D04-9FE8-E462B817D56F}.Release|Any CPU.ActiveCfg = Release|Any CPU
		{C9118F00-8B62-4D04-9FE8-E462B817D56F}.Release|Any CPU.Build.0 = Release|Any CPU
		{A46182D4-AF2C-4C81-BDCC-C7658EA817EB}.Debug|Any CPU.ActiveCfg = Debug|Any CPU
		{A46182D4-AF2C-4C81-BDCC-C7658EA817EB}.Debug|Any CPU.Build.0 = Debug|Any CPU
		{A46182D4-AF2C-4C81-BDCC-C7658EA817EB}.Release|Any CPU.ActiveCfg = Release|Any CPU
		{A46182D4-AF2C-4C81-BDCC-C7658EA817EB}.Release|Any CPU.Build.0 = Release|Any CPU
		{C803AE45-97AC-4C22-BE83-373B3C7830A5}.Debug|Any CPU.ActiveCfg = Debug|Any CPU
		{C803AE45-97AC-4C22-BE83-373B3C7830A5}.Debug|Any CPU.Build.0 = Debug|Any CPU
		{C803AE45-97AC-4C22-BE83-373B3C7830A5}.Release|Any CPU.ActiveCfg = Release|Any CPU
		{C803AE45-97AC-4C22-BE83-373B3C7830A5}.Release|Any CPU.Build.0 = Release|Any CPU
		{57508970-C281-4BFC-8FC1-FF4328B8E979}.Debug|Any CPU.ActiveCfg = Debug|Any CPU
		{57508970-C281-4BFC-8FC1-FF4328B8E979}.Debug|Any CPU.Build.0 = Debug|Any CPU
		{57508970-C281-4BFC-8FC1-FF4328B8E979}.Release|Any CPU.ActiveCfg = Release|Any CPU
		{57508970-C281-4BFC-8FC1-FF4328B8E979}.Release|Any CPU.Build.0 = Release|Any CPU
		{267780CD-B835-4E2E-89E0-6ECBFB23174F}.Debug|Any CPU.ActiveCfg = Debug|Any CPU
		{267780CD-B835-4E2E-89E0-6ECBFB23174F}.Debug|Any CPU.Build.0 = Debug|Any CPU
		{267780CD-B835-4E2E-89E0-6ECBFB23174F}.Release|Any CPU.ActiveCfg = Release|Any CPU
		{267780CD-B835-4E2E-89E0-6ECBFB23174F}.Release|Any CPU.Build.0 = Release|Any CPU
	EndGlobalSection
	GlobalSection(SolutionProperties) = preSolution
		HideSolutionNode = FALSE
	EndGlobalSection
	GlobalSection(ExtensibilityGlobals) = postSolution
		SolutionGuid = {9DF9B64A-05FD-4444-984C-47BDE61A3675}
	EndGlobalSection
EndGlobal
